
Microsoft Visual Studio Solution File, Format Version 12.00
# Visual Studio 15
VisualStudioVersion = 15.0.28307.168
MinimumVisualStudioVersion = 10.0.40219.1
Project("{FAE04EC0-301F-11D3-BF4B-00C04F79EFBC}") = "ModsDev", "ModsDev.csproj", "{D14A2266-4898-479E-BE00-54251D67F609}"
EndProject
Global
	GlobalSection(SolutionConfigurationPlatforms) = preSolution
		Debug|Any CPU = Debug|Any CPU
		Release|Any CPU = Release|Any CPU
	EndGlobalSection
	GlobalSection(ProjectConfigurationPlatforms) = postSolution
		{D14A2266-4898-479E-BE00-54251D67F609}.Debug|Any CPU.ActiveCfg = Debug|Any CPU
		{D14A2266-4898-479E-BE00-54251D67F609}.Debug|Any CPU.Build.0 = Debug|Any CPU
		{D14A2266-4898-479E-BE00-54251D67F609}.Release|Any CPU.ActiveCfg = Release|Any CPU
		{D14A2266-4898-479E-BE00-54251D67F609}.Release|Any CPU.Build.0 = Release|Any CPU
	EndGlobalSection
	GlobalSection(SolutionProperties) = preSolution
		HideSolutionNode = FALSE
	EndGlobalSection
	GlobalSection(ExtensibilityGlobals) = postSolution
		SolutionGuid = {5C7D5DAA-87F5-410B-AA79-B11769D2E6FF}
	EndGlobalSection
EndGlobal
